
Microsoft Visual Studio Solution File, Format Version 12.00
# Visual Studio 15
VisualStudioVersion = 15.0.27130.2027
MinimumVisualStudioVersion = 10.0.40219.1
Project("{FAE04EC0-301F-11D3-BF4B-00C04F79EFBC}") = "TicTacToe", "TicTacToe\TicTacToe.csproj", "{0E26F426-8053-42BF-BF6B-B88534A359AD}"
EndProject
Global
	GlobalSection(SolutionConfigurationPlatforms) = preSolution
		Debug|Any CPU = Debug|Any CPU
		Release|Any CPU = Release|Any CPU
	EndGlobalSection
	GlobalSection(ProjectConfigurationPlatforms) = postSolution
		{0E26F426-8053-42BF-BF6B-B88534A359AD}.Debug|Any CPU.ActiveCfg = Debug|Any CPU
		{0E26F426-8053-42BF-BF6B-B88534A359AD}.Debug|Any CPU.Build.0 = Debug|Any CPU
		{0E26F426-8053-42BF-BF6B-B88534A359AD}.Release|Any CPU.ActiveCfg = Release|Any CPU
		{0E26F426-8053-42BF-BF6B-B88534A359AD}.Release|Any CPU.Build.0 = Release|Any CPU
	EndGlobalSection
	GlobalSection(SolutionProperties) = preSolution
		HideSolutionNode = FALSE
	EndGlobalSection
	GlobalSection(ExtensibilityGlobals) = postSolution
		SolutionGuid = {0FC5E553-15EA-4C21-B33B-D1A6571E15E5}
	EndGlobalSection
EndGlobal
